
Microsoft Visual Studio Solution File, Format Version 10.00
# Visual Studio 2008
Project("{8BC9CEB8-8B4A-11D0-8D11-00A0C91BC942}") = "performance", "performance\performance-vc9.vcproj", "{98DF17E9-D4F5-4340-88ED-7868420D5BFA}"
EndProject
Project("{8BC9CEB8-8B4A-11D0-8D11-00A0C91BC942}") = "hybrid", "hybrid\hybrid-vc9.vcproj", "{73E84A4D-4FD7-4832-93E9-5DA4408ADBAB}"
EndProject
Project("{8BC9CEB8-8B4A-11D0-8D11-00A0C91BC942}") = "inheritance", "inheritance\inheritance-vc9.vcproj", "{8C8469A5-57D5-4D01-801F-4CD2CFDDC3E3}"
EndProject
Project("{8BC9CEB8-8B4A-11D0-8D11-00A0C91BC942}") = "persistence", "persistence\persistence-vc9.vcproj", "{CB793C37-A733-4FA3-BE5A-E7CD6E82C8B9}"
EndProject
Project("{8BC9CEB8-8B4A-11D0-8D11-00A0C91BC942}") = "processing", "processing\processing-vc9.vcproj", "{CCB2E5C5-F1A3-4FDA-AD0B-F57B87314B57}"
EndProject
Project("{8BC9CEB8-8B4A-11D0-8D11-00A0C91BC942}") = "roundtrip", "roundtrip\roundtrip-vc9.vcproj", "{7615310F-7907-4A42-8478-EE0ED4B61E32}"
EndProject
Global
	GlobalSection(SolutionConfigurationPlatforms) = preSolution
		Debug|Win32 = Debug|Win32
		Release|Win32 = Release|Win32
		Debug|x64 = Debug|x64
		Release|x64 = Release|x64

	EndGlobalSection
	GlobalSection(ProjectConfigurationPlatforms) = postSolution
		{98DF17E9-D4F5-4340-88ED-7868420D5BFA}.Debug|Win32.ActiveCfg = Debug|Win32
		{98DF17E9-D4F5-4340-88ED-7868420D5BFA}.Debug|Win32.Build.0 = Debug|Win32
		{98DF17E9-D4F5-4340-88ED-7868420D5BFA}.Release|Win32.ActiveCfg = Release|Win32
		{98DF17E9-D4F5-4340-88ED-7868420D5BFA}.Release|Win32.Build.0 = Release|Win32
		{98DF17E9-D4F5-4340-88ED-7868420D5BFA}.Debug|x64.ActiveCfg = Debug|x64
		{98DF17E9-D4F5-4340-88ED-7868420D5BFA}.Debug|x64.Build.0 = Debug|x64
		{98DF17E9-D4F5-4340-88ED-7868420D5BFA}.Release|x64.ActiveCfg = Release|x64
		{98DF17E9-D4F5-4340-88ED-7868420D5BFA}.Release|x64.Build.0 = Release|x64
		{73E84A4D-4FD7-4832-93E9-5DA4408ADBAB}.Debug|Win32.ActiveCfg = Debug|Win32
		{73E84A4D-4FD7-4832-93E9-5DA4408ADBAB}.Debug|Win32.Build.0 = Debug|Win32
		{73E84A4D-4FD7-4832-93E9-5DA4408ADBAB}.Release|Win32.ActiveCfg = Release|Win32
		{73E84A4D-4FD7-4832-93E9-5DA4408ADBAB}.Release|Win32.Build.0 = Release|Win32
		{73E84A4D-4FD7-4832-93E9-5DA4408ADBAB}.Debug|x64.ActiveCfg = Debug|x64
		{73E84A4D-4FD7-4832-93E9-5DA4408ADBAB}.Debug|x64.Build.0 = Debug|x64
		{73E84A4D-4FD7-4832-93E9-5DA4408ADBAB}.Release|x64.ActiveCfg = Release|x64
		{73E84A4D-4FD7-4832-93E9-5DA4408ADBAB}.Release|x64.Build.0 = Release|x64
		{8C8469A5-57D5-4D01-801F-4CD2CFDDC3E3}.Debug|Win32.ActiveCfg = Debug|Win32
		{8C8469A5-57D5-4D01-801F-4CD2CFDDC3E3}.Debug|Win32.Build.0 = Debug|Win32
		{8C8469A5-57D5-4D01-801F-4CD2CFDDC3E3}.Release|Win32.ActiveCfg = Release|Win32
		{8C8469A5-57D5-4D01-801F-4CD2CFDDC3E3}.Release|Win32.Build.0 = Release|Win32
		{8C8469A5-57D5-4D01-801F-4CD2CFDDC3E3}.Debug|x64.ActiveCfg = Debug|x64
		{8C8469A5-57D5-4D01-801F-4CD2CFDDC3E3}.Debug|x64.Build.0 = Debug|x64
		{8C8469A5-57D5-4D01-801F-4CD2CFDDC3E3}.Release|x64.ActiveCfg = Release|x64
		{8C8469A5-57D5-4D01-801F-4CD2CFDDC3E3}.Release|x64.Build.0 = Release|x64
		{CB793C37-A733-4FA3-BE5A-E7CD6E82C8B9}.Debug|Win32.ActiveCfg = Debug|Win32
		{CB793C37-A733-4FA3-BE5A-E7CD6E82C8B9}.Debug|Win32.Build.0 = Debug|Win32
		{CB793C37-A733-4FA3-BE5A-E7CD6E82C8B9}.Release|Win32.ActiveCfg = Release|Win32
		{CB793C37-A733-4FA3-BE5A-E7CD6E82C8B9}.Release|Win32.Build.0 = Release|Win32
		{CB793C37-A733-4FA3-BE5A-E7CD6E82C8B9}.Debug|x64.ActiveCfg = Debug|x64
		{CB793C37-A733-4FA3-BE5A-E7CD6E82C8B9}.Debug|x64.Build.0 = Debug|x64
		{CB793C37-A733-4FA3-BE5A-E7CD6E82C8B9}.Release|x64.ActiveCfg = Release|x64
		{CB793C37-A733-4FA3-BE5A-E7CD6E82C8B9}.Release|x64.Build.0 = Release|x64
		{CCB2E5C5-F1A3-4FDA-AD0B-F57B87314B57}.Debug|Win32.ActiveCfg = Debug|Win32
		{CCB2E5C5-F1A3-4FDA-AD0B-F57B87314B57}.Debug|Win32.Build.0 = Debug|Win32
		{CCB2E5C5-F1A3-4FDA-AD0B-F57B87314B57}.Release|Win32.ActiveCfg = Release|Win32
		{CCB2E5C5-F1A3-4FDA-AD0B-F57B87314B57}.Release|Win32.Build.0 = Release|Win32
		{CCB2E5C5-F1A3-4FDA-AD0B-F57B87314B57}.Debug|x64.ActiveCfg = Debug|x64
		{CCB2E5C5-F1A3-4FDA-AD0B-F57B87314B57}.Debug|x64.Build.0 = Debug|x64
		{CCB2E5C5-F1A3-4FDA-AD0B-F57B87314B57}.Release|x64.ActiveCfg = Release|x64
		{CCB2E5C5-F1A3-4FDA-AD0B-F57B87314B57}.Release|x64.Build.0 = Release|x64
		{7615310F-7907-4A42-8478-EE0ED4B61E32}.Debug|Win32.ActiveCfg = Debug|Win32
		{7615310F-7907-4A42-8478-EE0ED4B61E32}.Debug|Win32.Build.0 = Debug|Win32
		{7615310F-7907-4A42-8478-EE0ED4B61E32}.Release|Win32.ActiveCfg = Release|Win32
		{7615310F-7907-4A42-8478-EE0ED4B61E32}.Release|Win32.Build.0 = Release|Win32
		{7615310F-7907-4A42-8478-EE0ED4B61E32}.Debug|x64.ActiveCfg = Debug|x64
		{7615310F-7907-4A42-8478-EE0ED4B61E32}.Debug|x64.Build.0 = Debug|x64
		{7615310F-7907-4A42-8478-EE0ED4B61E32}.Release|x64.ActiveCfg = Release|x64
		{7615310F-7907-4A42-8478-EE0ED4B61E32}.Release|x64.Build.0 = Release|x64

	EndGlobalSection
	GlobalSection(SolutionProperties) = preSolution
		HideSolutionNode = FALSE
	EndGlobalSection
EndGlobal
