
Microsoft Visual Studio Solution File, Format Version 11.00
# Visual Studio 2010
Project("{8BC9CEB8-8B4A-11D0-8D11-00A0C91BC942}") = "performance", "performance\performance-vc10.vcxproj", "{00C3B8A0-F012-43F3-8521-0813C6A48E22}"
EndProject
Project("{8BC9CEB8-8B4A-11D0-8D11-00A0C91BC942}") = "hybrid", "hybrid\hybrid-vc10.vcxproj", "{D730A481-6A6A-442D-BD5E-DAC088893121}"
EndProject
Project("{8BC9CEB8-8B4A-11D0-8D11-00A0C91BC942}") = "inheritance", "inheritance\inheritance-vc10.vcxproj", "{E4E6EDE1-D9AE-4469-98DC-5F2255604F2E}"
EndProject
Project("{8BC9CEB8-8B4A-11D0-8D11-00A0C91BC942}") = "persistence", "persistence\persistence-vc10.vcxproj", "{78B2D34E-F978-400C-8F6F-2CA961C4C34D}"
EndProject
Project("{8BC9CEB8-8B4A-11D0-8D11-00A0C91BC942}") = "processing", "processing\processing-vc10.vcxproj", "{37F94BE0-1DBC-46F5-AF47-C312A7A42A97}"
EndProject
Project("{8BC9CEB8-8B4A-11D0-8D11-00A0C91BC942}") = "roundtrip", "roundtrip\roundtrip-vc10.vcxproj", "{028AEDA0-36EA-4BFF-BF82-B484E4CB71C5}"
EndProject
Global
	GlobalSection(SolutionConfigurationPlatforms) = preSolution
		Debug|Win32 = Debug|Win32
		Debug|x64 = Debug|x64
		Release|Win32 = Release|Win32
		Release|x64 = Release|x64

	EndGlobalSection
	GlobalSection(ProjectConfigurationPlatforms) = postSolution
		{00C3B8A0-F012-43F3-8521-0813C6A48E22}.Debug|Win32.ActiveCfg = Debug|Win32
		{00C3B8A0-F012-43F3-8521-0813C6A48E22}.Debug|Win32.Build.0 = Debug|Win32
		{00C3B8A0-F012-43F3-8521-0813C6A48E22}.Debug|x64.ActiveCfg = Debug|x64
		{00C3B8A0-F012-43F3-8521-0813C6A48E22}.Debug|x64.Build.0 = Debug|x64
		{00C3B8A0-F012-43F3-8521-0813C6A48E22}.Release|Win32.ActiveCfg = Release|Win32
		{00C3B8A0-F012-43F3-8521-0813C6A48E22}.Release|Win32.Build.0 = Release|Win32
		{00C3B8A0-F012-43F3-8521-0813C6A48E22}.Release|x64.ActiveCfg = Release|x64
		{00C3B8A0-F012-43F3-8521-0813C6A48E22}.Release|x64.Build.0 = Release|x64
		{D730A481-6A6A-442D-BD5E-DAC088893121}.Debug|Win32.ActiveCfg = Debug|Win32
		{D730A481-6A6A-442D-BD5E-DAC088893121}.Debug|Win32.Build.0 = Debug|Win32
		{D730A481-6A6A-442D-BD5E-DAC088893121}.Debug|x64.ActiveCfg = Debug|x64
		{D730A481-6A6A-442D-BD5E-DAC088893121}.Debug|x64.Build.0 = Debug|x64
		{D730A481-6A6A-442D-BD5E-DAC088893121}.Release|Win32.ActiveCfg = Release|Win32
		{D730A481-6A6A-442D-BD5E-DAC088893121}.Release|Win32.Build.0 = Release|Win32
		{D730A481-6A6A-442D-BD5E-DAC088893121}.Release|x64.ActiveCfg = Release|x64
		{D730A481-6A6A-442D-BD5E-DAC088893121}.Release|x64.Build.0 = Release|x64
		{E4E6EDE1-D9AE-4469-98DC-5F2255604F2E}.Debug|Win32.ActiveCfg = Debug|Win32
		{E4E6EDE1-D9AE-4469-98DC-5F2255604F2E}.Debug|Win32.Build.0 = Debug|Win32
		{E4E6EDE1-D9AE-4469-98DC-5F2255604F2E}.Debug|x64.ActiveCfg = Debug|x64
		{E4E6EDE1-D9AE-4469-98DC-5F2255604F2E}.Debug|x64.Build.0 = Debug|x64
		{E4E6EDE1-D9AE-4469-98DC-5F2255604F2E}.Release|Win32.ActiveCfg = Release|Win32
		{E4E6EDE1-D9AE-4469-98DC-5F2255604F2E}.Release|Win32.Build.0 = Release|Win32
		{E4E6EDE1-D9AE-4469-98DC-5F2255604F2E}.Release|x64.ActiveCfg = Release|x64
		{E4E6EDE1-D9AE-4469-98DC-5F2255604F2E}.Release|x64.Build.0 = Release|x64
		{78B2D34E-F978-400C-8F6F-2CA961C4C34D}.Debug|Win32.ActiveCfg = Debug|Win32
		{78B2D34E-F978-400C-8F6F-2CA961C4C34D}.Debug|Win32.Build.0 = Debug|Win32
		{78B2D34E-F978-400C-8F6F-2CA961C4C34D}.Debug|x64.ActiveCfg = Debug|x64
		{78B2D34E-F978-400C-8F6F-2CA961C4C34D}.Debug|x64.Build.0 = Debug|x64
		{78B2D34E-F978-400C-8F6F-2CA961C4C34D}.Release|Win32.ActiveCfg = Release|Win32
		{78B2D34E-F978-400C-8F6F-2CA961C4C34D}.Release|Win32.Build.0 = Release|Win32
		{78B2D34E-F978-400C-8F6F-2CA961C4C34D}.Release|x64.ActiveCfg = Release|x64
		{78B2D34E-F978-400C-8F6F-2CA961C4C34D}.Release|x64.Build.0 = Release|x64
		{37F94BE0-1DBC-46F5-AF47-C312A7A42A97}.Debug|Win32.ActiveCfg = Debug|Win32
		{37F94BE0-1DBC-46F5-AF47-C312A7A42A97}.Debug|Win32.Build.0 = Debug|Win32
		{37F94BE0-1DBC-46F5-AF47-C312A7A42A97}.Debug|x64.ActiveCfg = Debug|x64
		{37F94BE0-1DBC-46F5-AF47-C312A7A42A97}.Debug|x64.Build.0 = Debug|x64
		{37F94BE0-1DBC-46F5-AF47-C312A7A42A97}.Release|Win32.ActiveCfg = Release|Win32
		{37F94BE0-1DBC-46F5-AF47-C312A7A42A97}.Release|Win32.Build.0 = Release|Win32
		{37F94BE0-1DBC-46F5-AF47-C312A7A42A97}.Release|x64.ActiveCfg = Release|x64
		{37F94BE0-1DBC-46F5-AF47-C312A7A42A97}.Release|x64.Build.0 = Release|x64
		{028AEDA0-36EA-4BFF-BF82-B484E4CB71C5}.Debug|Win32.ActiveCfg = Debug|Win32
		{028AEDA0-36EA-4BFF-BF82-B484E4CB71C5}.Debug|Win32.Build.0 = Debug|Win32
		{028AEDA0-36EA-4BFF-BF82-B484E4CB71C5}.Debug|x64.ActiveCfg = Debug|x64
		{028AEDA0-36EA-4BFF-BF82-B484E4CB71C5}.Debug|x64.Build.0 = Debug|x64
		{028AEDA0-36EA-4BFF-BF82-B484E4CB71C5}.Release|Win32.ActiveCfg = Release|Win32
		{028AEDA0-36EA-4BFF-BF82-B484E4CB71C5}.Release|Win32.Build.0 = Release|Win32
		{028AEDA0-36EA-4BFF-BF82-B484E4CB71C5}.Release|x64.ActiveCfg = Release|x64
		{028AEDA0-36EA-4BFF-BF82-B484E4CB71C5}.Release|x64.Build.0 = Release|x64

	EndGlobalSection
	GlobalSection(SolutionProperties) = preSolution
		HideSolutionNode = FALSE
	EndGlobalSection
EndGlobal
