<?xml version="1.0" encoding="utf-8"?>
<Project ToolsVersion="4.0" xmlns="http://schemas.microsoft.com/developer/msbuild/2003">
  <ItemGroup>
    <Filter Include="Source Files">
      <UniqueIdentifier>{62ECC3F1-9777-497C-A884-B07D9FA9ABD9}</UniqueIdentifier>
      <Extensions>cxx</Extensions>
    </Filter>
    <Filter Include="Header Files">
      <UniqueIdentifier>{60511116-31AE-40A2-908B-B7C11B4E13C1}</UniqueIdentifier>
      <Extensions>h;hxx;ixx;txx</Extensions>
    </Filter>
  </ItemGroup>
  <ItemGroup>

  </ItemGroup>
  <ItemGroup>
    <ClCompile Include="driver.cxx">
      <Filter>Source Files</Filter>
    </ClCompile>

  </ItemGroup>
</Project>
