<?xml version="1.0" encoding="utf-8"?>
<Project ToolsVersion="4.0" xmlns="http://schemas.microsoft.com/developer/msbuild/2003">
  <ItemGroup>
    <Filter Include="Source Files">
      <UniqueIdentifier>{743D0F6B-9AED-48F4-868B-ABADBC31D042}</UniqueIdentifier>
      <Extensions>cxx</Extensions>
    </Filter>
    <Filter Include="Header Files">
      <UniqueIdentifier>{F779CD10-82C8-4638-98B3-FE03549C503B}</UniqueIdentifier>
      <Extensions>h;hxx;ixx;txx</Extensions>
    </Filter>
  </ItemGroup>
  <ItemGroup>

  </ItemGroup>
  <ItemGroup>
    <ClCompile Include="driver.cxx">
      <Filter>Source Files</Filter>
    </ClCompile>

  </ItemGroup>
</Project>
