<?xml version="1.0" encoding="utf-8"?>
<Project ToolsVersion="4.0" xmlns="http://schemas.microsoft.com/developer/msbuild/2003">
  <ItemGroup>
    <Filter Include="Source Files">
      <UniqueIdentifier>{B3C787E6-B23A-41BB-BF39-DFD42DEE8FDA}</UniqueIdentifier>
      <Extensions>c;cxx</Extensions>
    </Filter>
    <Filter Include="Header Files">
      <UniqueIdentifier>{90BC2EB8-E1F4-4ADA-AD98-FB8727184CAA}</UniqueIdentifier>
      <Extensions>h;hxx;ixx;txx</Extensions>
    </Filter>
  </ItemGroup>
  <ItemGroup>

    <ClInclude Include="parser.ixx">
      <Filter>Header Files</Filter>
    </ClInclude>
    <ClInclude Include="details\post.hxx">
      <Filter>Header Files</Filter>
    </ClInclude>
    <ClInclude Include="details\export.hxx">
      <Filter>Header Files</Filter>
    </ClInclude>
    <ClInclude Include="details\pre.hxx">
      <Filter>Header Files</Filter>
    </ClInclude>
    <ClInclude Include="details\config.hxx">
      <Filter>Header Files</Filter>
    </ClInclude>
    <ClInclude Include="serializer.ixx">
      <Filter>Header Files</Filter>
    </ClInclude>
    <ClInclude Include="value-traits.txx">
      <Filter>Header Files</Filter>
    </ClInclude>
    <ClInclude Include="parser.txx">
      <Filter>Header Files</Filter>
    </ClInclude>

    <ClInclude Include="details\expat\expat.h">
      <Filter>Header Files</Filter>
    </ClInclude>
    <ClInclude Include="details\expat\expat_external.h">
      <Filter>Header Files</Filter>
    </ClInclude>

    <ClInclude Include="details\genx\genx.h">
      <Filter>Header Files</Filter>
    </ClInclude>
    <ClInclude Include="details\config-vc.h">
      <Filter>Header Files</Filter>
    </ClInclude>
  </ItemGroup>
  <ItemGroup>

    <ClCompile Include="qname.cxx">
      <Filter>Source Files</Filter>
    </ClCompile>
    <ClCompile Include="parser.cxx">
      <Filter>Source Files</Filter>
    </ClCompile>
    <ClCompile Include="serializer.cxx">
      <Filter>Source Files</Filter>
    </ClCompile>
    <ClCompile Include="value-traits.cxx">
      <Filter>Source Files</Filter>
    </ClCompile>

    <ClCompile Include="details\expat\xmlparse.c">
      <Filter>Source Files</Filter>
    </ClCompile>
    <ClCompile Include="details\expat\xmlrole.c">
      <Filter>Source Files</Filter>
    </ClCompile>
    <ClCompile Include="details\expat\xmltok.c">
      <Filter>Source Files</Filter>
    </ClCompile>

    <ClCompile Include="details\genx\genx.c">
      <Filter>Source Files</Filter>
    </ClCompile>
    <ClCompile Include="details\genx\char-props.c">
      <Filter>Source Files</Filter>
    </ClCompile>
  </ItemGroup>
</Project>
