
Microsoft Visual Studio Solution File, Format Version 11.00
# Visual Studio 2010
Project("{8BC9CEB8-8B4A-11D0-8D11-00A0C91BC942}") = "roundtrip", "roundtrip\roundtrip-vc10.vcxproj", "{38714F3A-1E9E-4326-955E-0A8B272A2747}"
EndProject
Project("{8BC9CEB8-8B4A-11D0-8D11-00A0C91BC942}") = "serializer", "serializer\serializer-vc10.vcxproj", "{3AFD72B6-B043-4F70-A695-F60EA2BED96C}"
EndProject
Project("{8BC9CEB8-8B4A-11D0-8D11-00A0C91BC942}") = "parser", "parser\parser-vc10.vcxproj", "{2C8C9B13-02B0-4C1F-8EA1-AFF25419300A}"
EndProject
Global
	GlobalSection(SolutionConfigurationPlatforms) = preSolution
		Debug|Win32 = Debug|Win32
		Debug|x64 = Debug|x64
		Release|Win32 = Release|Win32
		Release|x64 = Release|x64

	EndGlobalSection
	GlobalSection(ProjectConfigurationPlatforms) = postSolution
		{38714F3A-1E9E-4326-955E-0A8B272A2747}.Debug|Win32.ActiveCfg = Debug|Win32
		{38714F3A-1E9E-4326-955E-0A8B272A2747}.Debug|Win32.Build.0 = Debug|Win32
		{38714F3A-1E9E-4326-955E-0A8B272A2747}.Debug|x64.ActiveCfg = Debug|x64
		{38714F3A-1E9E-4326-955E-0A8B272A2747}.Debug|x64.Build.0 = Debug|x64
		{38714F3A-1E9E-4326-955E-0A8B272A2747}.Release|Win32.ActiveCfg = Release|Win32
		{38714F3A-1E9E-4326-955E-0A8B272A2747}.Release|Win32.Build.0 = Release|Win32
		{38714F3A-1E9E-4326-955E-0A8B272A2747}.Release|x64.ActiveCfg = Release|x64
		{38714F3A-1E9E-4326-955E-0A8B272A2747}.Release|x64.Build.0 = Release|x64
		{3AFD72B6-B043-4F70-A695-F60EA2BED96C}.Debug|Win32.ActiveCfg = Debug|Win32
		{3AFD72B6-B043-4F70-A695-F60EA2BED96C}.Debug|Win32.Build.0 = Debug|Win32
		{3AFD72B6-B043-4F70-A695-F60EA2BED96C}.Debug|x64.ActiveCfg = Debug|x64
		{3AFD72B6-B043-4F70-A695-F60EA2BED96C}.Debug|x64.Build.0 = Debug|x64
		{3AFD72B6-B043-4F70-A695-F60EA2BED96C}.Release|Win32.ActiveCfg = Release|Win32
		{3AFD72B6-B043-4F70-A695-F60EA2BED96C}.Release|Win32.Build.0 = Release|Win32
		{3AFD72B6-B043-4F70-A695-F60EA2BED96C}.Release|x64.ActiveCfg = Release|x64
		{3AFD72B6-B043-4F70-A695-F60EA2BED96C}.Release|x64.Build.0 = Release|x64
		{2C8C9B13-02B0-4C1F-8EA1-AFF25419300A}.Debug|Win32.ActiveCfg = Debug|Win32
		{2C8C9B13-02B0-4C1F-8EA1-AFF25419300A}.Debug|Win32.Build.0 = Debug|Win32
		{2C8C9B13-02B0-4C1F-8EA1-AFF25419300A}.Debug|x64.ActiveCfg = Debug|x64
		{2C8C9B13-02B0-4C1F-8EA1-AFF25419300A}.Debug|x64.Build.0 = Debug|x64
		{2C8C9B13-02B0-4C1F-8EA1-AFF25419300A}.Release|Win32.ActiveCfg = Release|Win32
		{2C8C9B13-02B0-4C1F-8EA1-AFF25419300A}.Release|Win32.Build.0 = Release|Win32
		{2C8C9B13-02B0-4C1F-8EA1-AFF25419300A}.Release|x64.ActiveCfg = Release|x64
		{2C8C9B13-02B0-4C1F-8EA1-AFF25419300A}.Release|x64.Build.0 = Release|x64

	EndGlobalSection
	GlobalSection(SolutionProperties) = preSolution
		HideSolutionNode = FALSE
	EndGlobalSection
EndGlobal
